// !$*UTF8*$!
{
	archiveVersion = 1;
	classes = {
	};
	objectVersion = 46;
	objects = {

/* Begin PBXBuildFile section */
		271C85D91ED4E40800F8BBBB /* AppDelegate.swift in Sources */ = {isa = PBXBuildFile; fileRef = 271C85D81ED4E40800F8BBBB /* AppDelegate.swift */; };
		271C85DB1ED4E40800F8BBBB /* ViewController.swift in Sources */ = {isa = PBXBuildFile; fileRef = 271C85DA1ED4E40800F8BBBB /* ViewController.swift */; };
		271C85DE1ED4E40800F8BBBB /* Main.storyboard in Resources */ = {isa = PBXBuildFile; fileRef = 271C85DC1ED4E40800F8BBBB /* Main.storyboard */; };
		271C85E01ED4E40800F8BBBB /* Assets.xcassets in Resources */ = {isa = PBXBuildFile; fileRef = 271C85DF1ED4E40800F8BBBB /* Assets.xcassets */; };
		27C4E5B11ED5E09900DDE387 /* LaunchScreen.xib in Resources */ = {isa = PBXBuildFile; fileRef = 27C4E5AF1ED5E09900DDE387 /* LaunchScreen.xib */; };
		27C4E5BB1ED5E0B600DDE387 /* AppTheme.swift in Sources */ = {isa = PBXBuildFile; fileRef = 27C4E5B31ED5E0B600DDE387 /* AppTheme.swift */; };
		27C4E5BC1ED5E0B600DDE387 /* AvenirNextFont.swift in Sources */ = {isa = PBXBuildFile; fileRef = 27C4E5B41ED5E0B600DDE387 /* AvenirNextFont.swift */; };
		27C4E5BD1ED5E0B600DDE387 /* HelveticaNeueFont.swift in Sources */ = {isa = PBXBuildFile; fileRef = 27C4E5B51ED5E0B600DDE387 /* HelveticaNeueFont.swift */; };
		27C4E5BE1ED5E0B600DDE387 /* MarkerExampleFontTheme.swift in Sources */ = {isa = PBXBuildFile; fileRef = 27C4E5B61ED5E0B600DDE387 /* MarkerExampleFontTheme.swift */; };
		27C4E5BF1ED5E0B600DDE387 /* Font.swift in Sources */ = {isa = PBXBuildFile; fileRef = 27C4E5B81ED5E0B600DDE387 /* Font.swift */; };
		27C4E5C01ED5E0B600DDE387 /* FontTheme.swift in Sources */ = {isa = PBXBuildFile; fileRef = 27C4E5B91ED5E0B600DDE387 /* FontTheme.swift */; };
		27C4E5C11ED5E0B600DDE387 /* ThemeSettingsViewController.swift in Sources */ = {isa = PBXBuildFile; fileRef = 27C4E5BA1ED5E0B600DDE387 /* ThemeSettingsViewController.swift */; };
		C2C325BAF837614C071CDA55 /* Pods_Marker_Example_iOS.framework in Frameworks */ = {isa = PBXBuildFile; fileRef = E9EBCAC481930708F9EBF1F8 /* Pods_Marker_Example_iOS.framework */; };
/* End PBXBuildFile section */

/* Begin PBXFileReference section */
		271C85D51ED4E40800F8BBBB /* Marker-Example-iOS.app */ = {isa = PBXFileReference; explicitFileType = wrapper.application; includeInIndex = 0; path = "Marker-Example-iOS.app"; sourceTree = BUILT_PRODUCTS_DIR; };
		271C85D81ED4E40800F8BBBB /* AppDelegate.swift */ = {isa = PBXFileReference; lastKnownFileType = sourcecode.swift; path = AppDelegate.swift; sourceTree = "<group>"; };
		271C85DA1ED4E40800F8BBBB /* ViewController.swift */ = {isa = PBXFileReference; lastKnownFileType = sourcecode.swift; path = ViewController.swift; sourceTree = "<group>"; };
		271C85DD1ED4E40800F8BBBB /* Base */ = {isa = PBXFileReference; lastKnownFileType = file.storyboard; name = Base; path = Base.lproj/Main.storyboard; sourceTree = "<group>"; };
		271C85DF1ED4E40800F8BBBB /* Assets.xcassets */ = {isa = PBXFileReference; lastKnownFileType = folder.assetcatalog; path = Assets.xcassets; sourceTree = "<group>"; };
		271C85E41ED4E40800F8BBBB /* Info.plist */ = {isa = PBXFileReference; lastKnownFileType = text.plist.xml; path = Info.plist; sourceTree = "<group>"; };
		27C4E54B1ED5DB8B00DDE387 /* LICENSE */ = {isa = PBXFileReference; fileEncoding = 4; lastKnownFileType = text; name = LICENSE; path = ../LICENSE; sourceTree = "<group>"; };
		27C4E54C1ED5DB8B00DDE387 /* Marker.podspec */ = {isa = PBXFileReference; fileEncoding = 4; lastKnownFileType = text; name = Marker.podspec; path = ../Marker.podspec; sourceTree = "<group>"; };
		27C4E54D1ED5DB8B00DDE387 /* README.md */ = {isa = PBXFileReference; fileEncoding = 4; lastKnownFileType = net.daringfireball.markdown; name = README.md; path = ../README.md; sourceTree = "<group>"; };
		27C4E5B01ED5E09900DDE387 /* Base */ = {isa = PBXFileReference; lastKnownFileType = file.xib; name = Base; path = Base.lproj/LaunchScreen.xib; sourceTree = "<group>"; };
		27C4E5B31ED5E0B600DDE387 /* AppTheme.swift */ = {isa = PBXFileReference; fileEncoding = 4; lastKnownFileType = sourcecode.swift; path = AppTheme.swift; sourceTree = "<group>"; };
		27C4E5B41ED5E0B600DDE387 /* AvenirNextFont.swift */ = {isa = PBXFileReference; fileEncoding = 4; lastKnownFileType = sourcecode.swift; path = AvenirNextFont.swift; sourceTree = "<group>"; };
		27C4E5B51ED5E0B600DDE387 /* HelveticaNeueFont.swift */ = {isa = PBXFileReference; fileEncoding = 4; lastKnownFileType = sourcecode.swift; path = HelveticaNeueFont.swift; sourceTree = "<group>"; };
		27C4E5B61ED5E0B600DDE387 /* MarkerExampleFontTheme.swift */ = {isa = PBXFileReference; fileEncoding = 4; lastKnownFileType = sourcecode.swift; path = MarkerExampleFontTheme.swift; sourceTree = "<group>"; };
		27C4E5B81ED5E0B600DDE387 /* Font.swift */ = {isa = PBXFileReference; fileEncoding = 4; lastKnownFileType = sourcecode.swift; path = Font.swift; sourceTree = "<group>"; };
		27C4E5B91ED5E0B600DDE387 /* FontTheme.swift */ = {isa = PBXFileReference; fileEncoding = 4; lastKnownFileType = sourcecode.swift; path = FontTheme.swift; sourceTree = "<group>"; };
		27C4E5BA1ED5E0B600DDE387 /* ThemeSettingsViewController.swift */ = {isa = PBXFileReference; fileEncoding = 4; lastKnownFileType = sourcecode.swift; path = ThemeSettingsViewController.swift; sourceTree = "<group>"; };
		6E0E5053CCCC25964EA84B2A /* Pods-Marker-Example-iOS.debug.xcconfig */ = {isa = PBXFileReference; includeInIndex = 1; lastKnownFileType = text.xcconfig; name = "Pods-Marker-Example-iOS.debug.xcconfig"; path = "Pods/Target Support Files/Pods-Marker-Example-iOS/Pods-Marker-Example-iOS.debug.xcconfig"; sourceTree = "<group>"; };
		70010596CDFDF2A41B708669 /* Pods-Marker-Example-iOS.release.xcconfig */ = {isa = PBXFileReference; includeInIndex = 1; lastKnownFileType = text.xcconfig; name = "Pods-Marker-Example-iOS.release.xcconfig"; path = "Pods/Target Support Files/Pods-Marker-Example-iOS/Pods-Marker-Example-iOS.release.xcconfig"; sourceTree = "<group>"; };
		E9EBCAC481930708F9EBF1F8 /* Pods_Marker_Example_iOS.framework */ = {isa = PBXFileReference; explicitFileType = wrapper.framework; includeInIndex = 0; path = Pods_Marker_Example_iOS.framework; sourceTree = BUILT_PRODUCTS_DIR; };
/* End PBXFileReference section */

/* Begin PBXFrameworksBuildPhase section */
		271C85D21ED4E40800F8BBBB /* Frameworks */ = {
			isa = PBXFrameworksBuildPhase;
			buildActionMask = 2147483647;
			files = (
				C2C325BAF837614C071CDA55 /* Pods_Marker_Example_iOS.framework in Frameworks */,
			);
			runOnlyForDeploymentPostprocessing = 0;
		};
/* End PBXFrameworksBuildPhase section */

/* Begin PBXGroup section */
		253BEC31DDF816A46E9293BF /* Frameworks */ = {
			isa = PBXGroup;
			children = (
				E9EBCAC481930708F9EBF1F8 /* Pods_Marker_Example_iOS.framework */,
			);
			name = Frameworks;
			sourceTree = "<group>";
		};
		271C85CA1ED4E3F000F8BBBB = {
			isa = PBXGroup;
			children = (
				271C85E81ED4E57500F8BBBB /* Podspec Metadata */,
				271C85D71ED4E40800F8BBBB /* Marker-Example-iOS */,
				271C85D61ED4E40800F8BBBB /* Products */,
				FC8796DD44CABC4E027AAE16 /* Pods */,
				253BEC31DDF816A46E9293BF /* Frameworks */,
			);
			sourceTree = "<group>";
		};
		271C85D61ED4E40800F8BBBB /* Products */ = {
			isa = PBXGroup;
			children = (
				271C85D51ED4E40800F8BBBB /* Marker-Example-iOS.app */,
			);
			name = Products;
			sourceTree = "<group>";
		};
		271C85D71ED4E40800F8BBBB /* Marker-Example-iOS */ = {
			isa = PBXGroup;
			children = (
				271C85D81ED4E40800F8BBBB /* AppDelegate.swift */,
				271C85DF1ED4E40800F8BBBB /* Assets.xcassets */,
				271C85E41ED4E40800F8BBBB /* Info.plist */,
				27C4E5AF1ED5E09900DDE387 /* LaunchScreen.xib */,
				271C85DC1ED4E40800F8BBBB /* Main.storyboard */,
				27C4E5B21ED5E0B600DDE387 /* Theme */,
				27C4E5BA1ED5E0B600DDE387 /* ThemeSettingsViewController.swift */,
				271C85DA1ED4E40800F8BBBB /* ViewController.swift */,
			);
			path = "Marker-Example-iOS";
			sourceTree = "<group>";
		};
		271C85E81ED4E57500F8BBBB /* Podspec Metadata */ = {
			isa = PBXGroup;
			children = (
				27C4E54B1ED5DB8B00DDE387 /* LICENSE */,
				27C4E54C1ED5DB8B00DDE387 /* Marker.podspec */,
				27C4E54D1ED5DB8B00DDE387 /* README.md */,
			);
			name = "Podspec Metadata";
			sourceTree = "<group>";
		};
		27C4E5B21ED5E0B600DDE387 /* Theme */ = {
			isa = PBXGroup;
			children = (
				27C4E5B31ED5E0B600DDE387 /* AppTheme.swift */,
				27C4E5B41ED5E0B600DDE387 /* AvenirNextFont.swift */,
				27C4E5B51ED5E0B600DDE387 /* HelveticaNeueFont.swift */,
				27C4E5B61ED5E0B600DDE387 /* MarkerExampleFontTheme.swift */,
				27C4E5B71ED5E0B600DDE387 /* Protocols */,
			);
			path = Theme;
			sourceTree = "<group>";
		};
		27C4E5B71ED5E0B600DDE387 /* Protocols */ = {
			isa = PBXGroup;
			children = (
				27C4E5B81ED5E0B600DDE387 /* Font.swift */,
				27C4E5B91ED5E0B600DDE387 /* FontTheme.swift */,
			);
			path = Protocols;
			sourceTree = "<group>";
		};
		FC8796DD44CABC4E027AAE16 /* Pods */ = {
			isa = PBXGroup;
			children = (
				6E0E5053CCCC25964EA84B2A /* Pods-Marker-Example-iOS.debug.xcconfig */,
				70010596CDFDF2A41B708669 /* Pods-Marker-Example-iOS.release.xcconfig */,
			);
			name = Pods;
			sourceTree = "<group>";
		};
/* End PBXGroup section */

/* Begin PBXNativeTarget section */
		271C85D41ED4E40800F8BBBB /* Marker-Example-iOS */ = {
			isa = PBXNativeTarget;
			buildConfigurationList = 271C85E51ED4E40800F8BBBB /* Build configuration list for PBXNativeTarget "Marker-Example-iOS" */;
			buildPhases = (
				061478CDC2DD4DE3A0A487BA /* [CP] Check Pods Manifest.lock */,
				271C85D11ED4E40800F8BBBB /* Sources */,
				271C85D21ED4E40800F8BBBB /* Frameworks */,
				271C85D31ED4E40800F8BBBB /* Resources */,
				FAF73D195B963F0D4B5861A5 /* [CP] Embed Pods Frameworks */,
				2C97776FB52214BDCF7F7BD2 /* [CP] Copy Pods Resources */,
			);
			buildRules = (
			);
			dependencies = (
			);
			name = "Marker-Example-iOS";
			productName = "Marker-Example-iOS";
			productReference = 271C85D51ED4E40800F8BBBB /* Marker-Example-iOS.app */;
			productType = "com.apple.product-type.application";
		};
/* End PBXNativeTarget section */

/* Begin PBXProject section */
		271C85CB1ED4E3F000F8BBBB /* Project object */ = {
			isa = PBXProject;
			attributes = {
				LastSwiftUpdateCheck = 0830;
				LastUpgradeCheck = 0830;
				TargetAttributes = {
					271C85D41ED4E40800F8BBBB = {
						CreatedOnToolsVersion = 8.3.2;
						DevelopmentTeam = 5ZZ7W4SB26;
						LastSwiftMigration = 0830;
						ProvisioningStyle = Automatic;
					};
				};
			};
			buildConfigurationList = 271C85CE1ED4E3F000F8BBBB /* Build configuration list for PBXProject "Marker-Example" */;
			compatibilityVersion = "Xcode 3.2";
			developmentRegion = English;
			hasScannedForEncodings = 0;
			knownRegions = (
				en,
				Base,
			);
			mainGroup = 271C85CA1ED4E3F000F8BBBB;
			productRefGroup = 271C85D61ED4E40800F8BBBB /* Products */;
			projectDirPath = "";
			projectRoot = "";
			targets = (
				271C85D41ED4E40800F8BBBB /* Marker-Example-iOS */,
			);
		};
/* End PBXProject section */

/* Begin PBXResourcesBuildPhase section */
		271C85D31ED4E40800F8BBBB /* Resources */ = {
			isa = PBXResourcesBuildPhase;
			buildActionMask = 2147483647;
			files = (
				27C4E5B11ED5E09900DDE387 /* LaunchScreen.xib in Resources */,
				271C85E01ED4E40800F8BBBB /* Assets.xcassets in Resources */,
				271C85DE1ED4E40800F8BBBB /* Main.storyboard in Resources */,
			);
			runOnlyForDeploymentPostprocessing = 0;
		};
/* End PBXResourcesBuildPhase section */

/* Begin PBXShellScriptBuildPhase section */
		061478CDC2DD4DE3A0A487BA /* [CP] Check Pods Manifest.lock */ = {
			isa = PBXShellScriptBuildPhase;
			buildActionMask = 2147483647;
			files = (
			);
			inputPaths = (
			);
			name = "[CP] Check Pods Manifest.lock";
			outputPaths = (
			);
			runOnlyForDeploymentPostprocessing = 0;
			shellPath = /bin/sh;
			shellScript = "diff \"${PODS_ROOT}/../Podfile.lock\" \"${PODS_ROOT}/Manifest.lock\" > /dev/null\nif [ $? != 0 ] ; then\n    # print error to STDERR\n    echo \"error: The sandbox is not in sync with the Podfile.lock. Run 'pod install' or update your CocoaPods installation.\" >&2\n    exit 1\nfi\n";
			showEnvVarsInLog = 0;
		};
		2C97776FB52214BDCF7F7BD2 /* [CP] Copy Pods Resources */ = {
			isa = PBXShellScriptBuildPhase;
			buildActionMask = 2147483647;
			files = (
			);
			inputPaths = (
			);
			name = "[CP] Copy Pods Resources";
			outputPaths = (
			);
			runOnlyForDeploymentPostprocessing = 0;
			shellPath = /bin/sh;
			shellScript = "\"${SRCROOT}/Pods/Target Support Files/Pods-Marker-Example-iOS/Pods-Marker-Example-iOS-resources.sh\"\n";
			showEnvVarsInLog = 0;
		};
		FAF73D195B963F0D4B5861A5 /* [CP] Embed Pods Frameworks */ = {
			isa = PBXShellScriptBuildPhase;
			buildActionMask = 2147483647;
			files = (
			);
			inputPaths = (
			);
			name = "[CP] Embed Pods Frameworks";
			outputPaths = (
			);
			runOnlyForDeploymentPostprocessing = 0;
			shellPath = /bin/sh;
			shellScript = "\"${SRCROOT}/Pods/Target Support Files/Pods-Marker-Example-iOS/Pods-Marker-Example-iOS-frameworks.sh\"\n";
			showEnvVarsInLog = 0;
		};
/* End PBXShellScriptBuildPhase section */

/* Begin PBXSourcesBuildPhase section */
		271C85D11ED4E40800F8BBBB /* Sources */ = {
			isa = PBXSourcesBuildPhase;
			buildActionMask = 2147483647;
			files = (
				27C4E5BC1ED5E0B600DDE387 /* AvenirNextFont.swift in Sources */,
				27C4E5BB1ED5E0B600DDE387 /* AppTheme.swift in Sources */,
				271C85DB1ED4E40800F8BBBB /* ViewController.swift in Sources */,
				27C4E5BF1ED5E0B600DDE387 /* Font.swift in Sources */,
				271C85D91ED4E40800F8BBBB /* AppDelegate.swift in Sources */,
				27C4E5BD1ED5E0B600DDE387 /* HelveticaNeueFont.swift in Sources */,
				27C4E5C01ED5E0B600DDE387 /* FontTheme.swift in Sources */,
				27C4E5BE1ED5E0B600DDE387 /* MarkerExampleFontTheme.swift in Sources */,
				27C4E5C11ED5E0B600DDE387 /* ThemeSettingsViewController.swift in Sources */,
			);
			runOnlyForDeploymentPostprocessing = 0;
		};
/* End PBXSourcesBuildPhase section */

/* Begin PBXVariantGroup section */
		271C85DC1ED4E40800F8BBBB /* Main.storyboard */ = {
			isa = PBXVariantGroup;
			children = (
				271C85DD1ED4E40800F8BBBB /* Base */,
			);
			name = Main.storyboard;
			sourceTree = "<group>";
		};
		27C4E5AF1ED5E09900DDE387 /* LaunchScreen.xib */ = {
			isa = PBXVariantGroup;
			children = (
				27C4E5B01ED5E09900DDE387 /* Base */,
			);
			name = LaunchScreen.xib;
			sourceTree = "<group>";
		};
/* End PBXVariantGroup section */

/* Begin XCBuildConfiguration section */
		271C85CF1ED4E3F000F8BBBB /* Debug */ = {
			isa = XCBuildConfiguration;
			buildSettings = {
			};
			name = Debug;
		};
		271C85D01ED4E3F000F8BBBB /* Release */ = {
			isa = XCBuildConfiguration;
			buildSettings = {
			};
			name = Release;
		};
		271C85E61ED4E40800F8BBBB /* Debug */ = {
			isa = XCBuildConfiguration;
			baseConfigurationReference = 6E0E5053CCCC25964EA84B2A /* Pods-Marker-Example-iOS.debug.xcconfig */;
			buildSettings = {
				ALWAYS_SEARCH_USER_PATHS = NO;
				ASSETCATALOG_COMPILER_APPICON_NAME = AppIcon;
				CLANG_ANALYZER_NONNULL = YES;
				CLANG_ANALYZER_NUMBER_OBJECT_CONVERSION = YES_AGGRESSIVE;
				CLANG_CXX_LANGUAGE_STANDARD = "gnu++0x";
				CLANG_CXX_LIBRARY = "libc++";
				CLANG_ENABLE_MODULES = YES;
				CLANG_ENABLE_OBJC_ARC = YES;
				CLANG_WARN_BOOL_CONVERSION = YES;
				CLANG_WARN_CONSTANT_CONVERSION = YES;
				CLANG_WARN_DIRECT_OBJC_ISA_USAGE = YES_ERROR;
				CLANG_WARN_DOCUMENTATION_COMMENTS = YES;
				CLANG_WARN_EMPTY_BODY = YES;
				CLANG_WARN_ENUM_CONVERSION = YES;
				CLANG_WARN_INFINITE_RECURSION = YES;
				CLANG_WARN_INT_CONVERSION = YES;
				CLANG_WARN_OBJC_ROOT_CLASS = YES_ERROR;
				CLANG_WARN_SUSPICIOUS_MOVE = YES;
				CLANG_WARN_UNREACHABLE_CODE = YES;
				CLANG_WARN__DUPLICATE_METHOD_MATCH = YES;
				"CODE_SIGN_IDENTITY[sdk=iphoneos*]" = "iPhone Developer";
				COPY_PHASE_STRIP = NO;
				DEBUG_INFORMATION_FORMAT = dwarf;
				DEVELOPMENT_TEAM = 5ZZ7W4SB26;
				ENABLE_STRICT_OBJC_MSGSEND = YES;
				ENABLE_TESTABILITY = YES;
				GCC_C_LANGUAGE_STANDARD = gnu99;
				GCC_DYNAMIC_NO_PIC = NO;
				GCC_NO_COMMON_BLOCKS = YES;
				GCC_OPTIMIZATION_LEVEL = 0;
				GCC_PREPROCESSOR_DEFINITIONS = (
					"DEBUG=1",
					"$(inherited)",
				);
				GCC_WARN_64_TO_32_BIT_CONVERSION = YES;
				GCC_WARN_ABOUT_RETURN_TYPE = YES_ERROR;
				GCC_WARN_UNDECLARED_SELECTOR = YES;
				GCC_WARN_UNINITIALIZED_AUTOS = YES_AGGRESSIVE;
				GCC_WARN_UNUSED_FUNCTION = YES;
				GCC_WARN_UNUSED_VARIABLE = YES;
				INFOPLIST_FILE = "Marker-Example-iOS/Info.plist";
				IPHONEOS_DEPLOYMENT_TARGET = 8.0;
				LD_RUNPATH_SEARCH_PATHS = "$(inherited) @executable_path/Frameworks";
				MTL_ENABLE_DEBUG_INFO = YES;
				ONLY_ACTIVE_ARCH = YES;
				PRODUCT_BUNDLE_IDENTIFIER = "com.prolificinteractive.Marker-Example-iOS";
				PRODUCT_NAME = "$(TARGET_NAME)";
				SDKROOT = iphoneos;
				SWIFT_ACTIVE_COMPILATION_CONDITIONS = DEBUG;
				SWIFT_OPTIMIZATION_LEVEL = "-Onone";
				SWIFT_VERSION = 3.0;
				TARGETED_DEVICE_FAMILY = 1;
			};
			name = Debug;
		};
		271C85E71ED4E40800F8BBBB /* Release */ = {
			isa = XCBuildConfiguration;
			baseConfigurationReference = 70010596CDFDF2A41B708669 /* Pods-Marker-Example-iOS.release.xcconfig */;
			buildSettings = {
				ALWAYS_SEARCH_USER_PATHS = NO;
				ASSETCATALOG_COMPILER_APPICON_NAME = AppIcon;
				CLANG_ANALYZER_NONNULL = YES;
				CLANG_ANALYZER_NUMBER_OBJECT_CONVERSION = YES_AGGRESSIVE;
				CLANG_CXX_LANGUAGE_STANDARD = "gnu++0x";
				CLANG_CXX_LIBRARY = "libc++";
				CLANG_ENABLE_MODULES = YES;
				CLANG_ENABLE_OBJC_ARC = YES;
				CLANG_WARN_BOOL_CONVERSION = YES;
				CLANG_WARN_CONSTANT_CONVERSION = YES;
				CLANG_WARN_DIRECT_OBJC_ISA_USAGE = YES_ERROR;
				CLANG_WARN_DOCUMENTATION_COMMENTS = YES;
				CLANG_WARN_EMPTY_BODY = YES;
				CLANG_WARN_ENUM_CONVERSION = YES;
				CLANG_WARN_INFINITE_RECURSION = YES;
				CLANG_WARN_INT_CONVERSION = YES;
				CLANG_WARN_OBJC_ROOT_CLASS = YES_ERROR;
				CLANG_WARN_SUSPICIOUS_MOVE = YES;
				CLANG_WARN_UNREACHABLE_CODE = YES;
				CLANG_WARN__DUPLICATE_METHOD_MATCH = YES;
				"CODE_SIGN_IDENTITY[sdk=iphoneos*]" = "iPhone Developer";
				COPY_PHASE_STRIP = NO;
				DEBUG_INFORMATION_FORMAT = "dwarf-with-dsym";
				DEVELOPMENT_TEAM = 5ZZ7W4SB26;
				ENABLE_NS_ASSERTIONS = NO;
				ENABLE_STRICT_OBJC_MSGSEND = YES;
				GCC_C_LANGUAGE_STANDARD = gnu99;
				GCC_NO_COMMON_BLOCKS = YES;
				GCC_WARN_64_TO_32_BIT_CONVERSION = YES;
				GCC_WARN_ABOUT_RETURN_TYPE = YES_ERROR;
				GCC_WARN_UNDECLARED_SELECTOR = YES;
				GCC_WARN_UNINITIALIZED_AUTOS = YES_AGGRESSIVE;
				GCC_WARN_UNUSED_FUNCTION = YES;
				GCC_WARN_UNUSED_VARIABLE = YES;
				INFOPLIST_FILE = "Marker-Example-iOS/Info.plist";
				IPHONEOS_DEPLOYMENT_TARGET = 8.0;
				LD_RUNPATH_SEARCH_PATHS = "$(inherited) @executable_path/Frameworks";
				MTL_ENABLE_DEBUG_INFO = NO;
				PRODUCT_BUNDLE_IDENTIFIER = "com.prolificinteractive.Marker-Example-iOS";
				PRODUCT_NAME = "$(TARGET_NAME)";
				SDKROOT = iphoneos;
				SWIFT_OPTIMIZATION_LEVEL = "-Owholemodule";
				SWIFT_VERSION = 3.0;
				TARGETED_DEVICE_FAMILY = 1;
				VALIDATE_PRODUCT = YES;
			};
			name = Release;
		};
/* End XCBuildConfiguration section */

/* Begin XCConfigurationList section */
		271C85CE1ED4E3F000F8BBBB /* Build configuration list for PBXProject "Marker-Example" */ = {
			isa = XCConfigurationList;
			buildConfigurations = (
				271C85CF1ED4E3F000F8BBBB /* Debug */,
				271C85D01ED4E3F000F8BBBB /* Release */,
			);
			defaultConfigurationIsVisible = 0;
			defaultConfigurationName = Release;
		};
		271C85E51ED4E40800F8BBBB /* Build configuration list for PBXNativeTarget "Marker-Example-iOS" */ = {
			isa = XCConfigurationList;
			buildConfigurations = (
				271C85E61ED4E40800F8BBBB /* Debug */,
				271C85E71ED4E40800F8BBBB /* Release */,
			);
			defaultConfigurationIsVisible = 0;
			defaultConfigurationName = Release;
		};
/* End XCConfigurationList section */
	};
	rootObject = 271C85CB1ED4E3F000F8BBBB /* Project object */;
}
